
Microsoft Visual Studio Solution File, Format Version 12.00
# Visual Studio Version 16
VisualStudioVersion = 16.0.31624.102
MinimumVisualStudioVersion = 10.0.40219.1
Project("{FAE04EC0-301F-11D3-BF4B-00C04F79EFBC}") = "COMP2084Lab1", "COMP2084Lab1\COMP2084Lab1.csproj", "{40F05BC6-16DD-46DB-A422-5B01BF2A445F}"
EndProject
Global
	GlobalSection(SolutionConfigurationPlatforms) = preSolution
		Debug|Any CPU = Debug|Any CPU
		Release|Any CPU = Release|Any CPU
	EndGlobalSection
	GlobalSection(ProjectConfigurationPlatforms) = postSolution
		{40F05BC6-16DD-46DB-A422-5B01BF2A445F}.Debug|Any CPU.ActiveCfg = Debug|Any CPU
		{40F05BC6-16DD-46DB-A422-5B01BF2A445F}.Debug|Any CPU.Build.0 = Debug|Any CPU
		{40F05BC6-16DD-46DB-A422-5B01BF2A445F}.Release|Any CPU.ActiveCfg = Release|Any CPU
		{40F05BC6-16DD-46DB-A422-5B01BF2A445F}.Release|Any CPU.Build.0 = Release|Any CPU
	EndGlobalSection
	GlobalSection(SolutionProperties) = preSolution
		HideSolutionNode = FALSE
	EndGlobalSection
	GlobalSection(ExtensibilityGlobals) = postSolution
		SolutionGuid = {D62FBF28-0129-4E92-B4AC-53177B0189B5}
	EndGlobalSection
EndGlobal
